
Microsoft Visual Studio Solution File, Format Version 12.00
# Visual Studio Version 17
VisualStudioVersion = 17.3.32804.467
MinimumVisualStudioVersion = 10.0.40219.1
Project("{9A19103F-16F7-4668-BE54-9A1E7A4F7556}") = "ConsoleIfForArray", "ConsoleIfForArray\ConsoleIfForArray.csproj", "{2A8E8F00-4204-4AF2-A0D5-E0B40B3FB05C}"
EndProject
Project("{F184B08F-C81C-45F6-A57F-5ABD9991F28F}") = "VBTest", "VBTest\VBTest.vbproj", "{553308A6-6D56-49DF-80E0-F72C08CE573B}"
EndProject
Project("{FAE04EC0-301F-11D3-BF4B-00C04F79EFBC}") = "EmailLib", "EmailLib\EmailLib.csproj", "{32E7AB20-E197-4118-BFDF-F1B9D48A94C2}"
EndProject
Global
	GlobalSection(SolutionConfigurationPlatforms) = preSolution
		Debug|Any CPU = Debug|Any CPU
		Release|Any CPU = Release|Any CPU
	EndGlobalSection
	GlobalSection(ProjectConfigurationPlatforms) = postSolution
		{2A8E8F00-4204-4AF2-A0D5-E0B40B3FB05C}.Debug|Any CPU.ActiveCfg = Debug|Any CPU
		{2A8E8F00-4204-4AF2-A0D5-E0B40B3FB05C}.Debug|Any CPU.Build.0 = Debug|Any CPU
		{2A8E8F00-4204-4AF2-A0D5-E0B40B3FB05C}.Release|Any CPU.ActiveCfg = Release|Any CPU
		{2A8E8F00-4204-4AF2-A0D5-E0B40B3FB05C}.Release|Any CPU.Build.0 = Release|Any CPU
		{553308A6-6D56-49DF-80E0-F72C08CE573B}.Debug|Any CPU.ActiveCfg = Debug|Any CPU
		{553308A6-6D56-49DF-80E0-F72C08CE573B}.Debug|Any CPU.Build.0 = Debug|Any CPU
		{553308A6-6D56-49DF-80E0-F72C08CE573B}.Release|Any CPU.ActiveCfg = Release|Any CPU
		{553308A6-6D56-49DF-80E0-F72C08CE573B}.Release|Any CPU.Build.0 = Release|Any CPU
		{32E7AB20-E197-4118-BFDF-F1B9D48A94C2}.Debug|Any CPU.ActiveCfg = Debug|Any CPU
		{32E7AB20-E197-4118-BFDF-F1B9D48A94C2}.Debug|Any CPU.Build.0 = Debug|Any CPU
		{32E7AB20-E197-4118-BFDF-F1B9D48A94C2}.Release|Any CPU.ActiveCfg = Release|Any CPU
		{32E7AB20-E197-4118-BFDF-F1B9D48A94C2}.Release|Any CPU.Build.0 = Release|Any CPU
	EndGlobalSection
	GlobalSection(SolutionProperties) = preSolution
		HideSolutionNode = FALSE
	EndGlobalSection
	GlobalSection(ExtensibilityGlobals) = postSolution
		SolutionGuid = {2B9ADA39-4BF1-4D77-8781-E7B8645630A0}
	EndGlobalSection
EndGlobal
